PODS:
  - apptentive-ios (5.2.2)
  - Firebase/Core (4.8.0):
    - FirebaseAnalytics (= 4.0.5)
    - FirebaseCore (= 4.0.13)
  - Firebase/Messaging (4.8.0):
    - Firebase/Core
    - FirebaseMessaging (= 2.0.8)
  - FirebaseAnalytics (4.0.5):
    - FirebaseCore (~> 4.0)
    - FirebaseInstanceID (~> 2.0)
    - "GoogleToolboxForMac/NSData+zlib (~> 2.1)"
    - nanopb (~> 0.3)
  - FirebaseCore (4.0.13):
    - "GoogleToolboxForMac/NSData+zlib (~> 2.1)"
  - FirebaseInstanceID (2.0.10):
    - FirebaseCore (~> 4.0)
  - FirebaseMessaging (2.0.8):
    - FirebaseAnalytics (~> 4.0)
    - FirebaseCore (~> 4.0)
    - FirebaseInstanceID (~> 2.0)
    - GoogleToolboxForMac/Logger (~> 2.1)
    - Protobuf (~> 3.1)
  - GoogleToolboxForMac/Defines (2.2.2)
  - GoogleToolboxForMac/Logger (2.2.2):
    - GoogleToolboxForMac/Defines (= 2.2.2)
  - "GoogleToolboxForMac/NSData+zlib (2.2.2)":
    - GoogleToolboxForMac/Defines (= 2.2.2)
  - nanopb (0.3.9011):
    - nanopb/decode (= 0.3.9011)
    - nanopb/encode (= 0.3.9011)
  - nanopb/decode (0.3.9011)
  - nanopb/encode (0.3.9011)
  - Onfido (10.0.0)
  - Protobuf (3.11.2)
  - vcx (0.0.133)

DEPENDENCIES:
  - apptentive-ios (= 5.2.2)
  - Firebase/Messaging (= 4.8.0)
  - Onfido (= 10.0.0)
  - vcx (= 0.0.133)

SPEC REPOS:
  "git@gitlab.corp.evernym.com:dev/vcx/indy-sdk.git":
    - vcx
  https://github.com/CocoaPods/Specs.git:
    - apptentive-ios
    - Firebase
    - FirebaseAnalytics
    - FirebaseCore
    - FirebaseInstanceID
    - FirebaseMessaging
    - GoogleToolboxForMac
    - nanopb
    - Onfido
    - Protobuf

SPEC CHECKSUMS:
  apptentive-ios: a38ab3b2244f7294a06dd08e56afb8018d414bf4
  Firebase: 710decbbc6d9d48530e9a5dba3209740c3532e05
  FirebaseAnalytics: 5b02a63ead2c3f0259cfc7f15e053e440587ecf8
  FirebaseCore: 3c02ec652db3d03fdc8bc6d9154af3e20d64b6f5
  FirebaseInstanceID: 8d20d890d65c917f9f7d9950b6e10a760ad34321
  FirebaseMessaging: dfdcd307c2382290a1e297a81d0f18370f5b1bcd
  GoogleToolboxForMac: 800648f8b3127618c1b59c7f97684427630c5ea3
  nanopb: 18003b5e52dab79db540fe93fe9579f399bd1ccd
  Onfido: eb3bde6295f0dc6dd334b9eb01626d2bad5d3c1d
  Protobuf: dd1aaea7140debfe4dd0683fb8ef208e527ae153
  vcx: 7469a90b3ef95db6b8b4517735a6591665274b8c

PODFILE CHECKSUM: c433d6e0326e9d225b40aed0386731f6d5aecc5b

COCOAPODS: 1.8.4
